
Microsoft Visual Studio Solution File, Format Version 12.00
# Visual Studio Version 17
VisualStudioVersion = 17.3.32825.248
MinimumVisualStudioVersion = 10.0.40219.1
Project("{FAE04EC0-301F-11D3-BF4B-00C04F79EFBC}") = "LaptopStore", "LaptopStore\LaptopStore.csproj", "{3FFE4B1B-E467-469C-8F73-B1F61732020B}"
EndProject
Global
	GlobalSection(SolutionConfigurationPlatforms) = preSolution
		Debug|Any CPU = Debug|Any CPU
		Release|Any CPU = Release|Any CPU
	EndGlobalSection
	GlobalSection(ProjectConfigurationPlatforms) = postSolution
		{3FFE4B1B-E467-469C-8F73-B1F61732020B}.Debug|Any CPU.ActiveCfg = Debug|Any CPU
		{3FFE4B1B-E467-469C-8F73-B1F61732020B}.Debug|Any CPU.Build.0 = Debug|Any CPU
		{3FFE4B1B-E467-469C-8F73-B1F61732020B}.Release|Any CPU.ActiveCfg = Release|Any CPU
		{3FFE4B1B-E467-469C-8F73-B1F61732020B}.Release|Any CPU.Build.0 = Release|Any CPU
	EndGlobalSection
	GlobalSection(SolutionProperties) = preSolution
		HideSolutionNode = FALSE
	EndGlobalSection
	GlobalSection(ExtensibilityGlobals) = postSolution
		SolutionGuid = {7A9C4D33-0D81-4A84-84C2-EA36EAFB55FC}
	EndGlobalSection
EndGlobal
